
Microsoft Visual Studio Solution File, Format Version 12.00
# Visual Studio Version 17
VisualStudioVersion = 17.1.32319.34
MinimumVisualStudioVersion = 10.0.40219.1
Project("{FAE04EC0-301F-11D3-BF4B-00C04F79EFBC}") = "Filmoteka", "Filmoteka\Filmoteka.csproj", "{FB19F55F-8C97-4A7F-BEDD-1648007E301C}"
EndProject
Global
	GlobalSection(SolutionConfigurationPlatforms) = preSolution
		Debug|Any CPU = Debug|Any CPU
		Release|Any CPU = Release|Any CPU
	EndGlobalSection
	GlobalSection(ProjectConfigurationPlatforms) = postSolution
		{FB19F55F-8C97-4A7F-BEDD-1648007E301C}.Debug|Any CPU.ActiveCfg = Debug|Any CPU
		{FB19F55F-8C97-4A7F-BEDD-1648007E301C}.Debug|Any CPU.Build.0 = Debug|Any CPU
		{FB19F55F-8C97-4A7F-BEDD-1648007E301C}.Release|Any CPU.ActiveCfg = Release|Any CPU
		{FB19F55F-8C97-4A7F-BEDD-1648007E301C}.Release|Any CPU.Build.0 = Release|Any CPU
	EndGlobalSection
	GlobalSection(SolutionProperties) = preSolution
		HideSolutionNode = FALSE
	EndGlobalSection
	GlobalSection(ExtensibilityGlobals) = postSolution
		SolutionGuid = {1D1A4357-A3BD-4642-9DE3-FBD3904AC17D}
	EndGlobalSection
EndGlobal
